
Microsoft Visual Studio Solution File, Format Version 12.00
# Visual Studio 14
VisualStudioVersion = 14.0.25420.1
MinimumVisualStudioVersion = 10.0.40219.1
Project("{FAE04EC0-301F-11D3-BF4B-00C04F79EFBC}") = "WiseQueue", "WiseQueue\WiseQueue.csproj", "{85B7D30F-0285-4B79-AC94-330ED0B15DEA}"
EndProject
Project("{2150E333-8FDC-42A3-9474-1A3956D46DE8}") = "WiseQueue.Core", "WiseQueue.Core", "{83DBE939-AFA0-4030-A6AB-99A50A22C75C}"
EndProject
Project("{2150E333-8FDC-42A3-9474-1A3956D46DE8}") = "WiseQueue.Domain", "WiseQueue.Domain", "{108CCF45-052C-4B0C-A1B9-13F96E9E8F69}"
EndProject
Project("{2150E333-8FDC-42A3-9474-1A3956D46DE8}") = "WiseQueue.Extensions", "WiseQueue.Extensions", "{0DA0E49B-7931-4630-8AA6-D5ABDB8FB762}"
EndProject
Project("{2150E333-8FDC-42A3-9474-1A3956D46DE8}") = "WiseQueue.Tests", "WiseQueue.Tests", "{D2B3DDEA-5D60-4805-9193-39D048645CD7}"
EndProject
Project("{2150E333-8FDC-42A3-9474-1A3956D46DE8}") = "Core", "Core", "{7EC417DD-86DA-4F78-99F4-CA23BBCDC3C0}"
EndProject
Project("{FAE04EC0-301F-11D3-BF4B-00C04F79EFBC}") = "WiseQueue.Core.Common.Tests", "WiseQueue.Tests\WiseQueue.Core.Common.Tests\WiseQueue.Core.Common.Tests.csproj", "{0C1B054A-84B8-4FC9-936B-B3BA6D9231A2}"
EndProject
Project("{FAE04EC0-301F-11D3-BF4B-00C04F79EFBC}") = "WiseQueue.Core.Tests", "WiseQueue.Tests\WiseQueue.Core.Tests\WiseQueue.Core.Tests.csproj", "{34E81231-58F9-4270-A82F-FEA1DCB9DC01}"
EndProject
Project("{FAE04EC0-301F-11D3-BF4B-00C04F79EFBC}") = "WiseQueue.Domain.Extensions.Tests", "WiseQueue.Tests\WiseQueue.Domain.Extensions.Tests\WiseQueue.Domain.Extensions.Tests.csproj", "{3196E7BB-FA7D-4F98-BC66-269E3E923D97}"
EndProject
Project("{2150E333-8FDC-42A3-9474-1A3956D46DE8}") = ".nuget", ".nuget", "{C0A94409-0190-448F-82C5-2CAE2E00B45F}"
	ProjectSection(SolutionItems) = preProject
		.nuget\NuGet.Config = .nuget\NuGet.Config
		.nuget\NuGet.exe = .nuget\NuGet.exe
		.nuget\NuGet.targets = .nuget\NuGet.targets
	EndProjectSection
EndProject
Project("{FAE04EC0-301F-11D3-BF4B-00C04F79EFBC}") = "WiseQueue.Core.Client", "WiseQueue.Core\WiseQueue.Core.Client\WiseQueue.Core.Client.csproj", "{F17B2910-0E65-4011-836C-F86E7EAC48F3}"
EndProject
Project("{FAE04EC0-301F-11D3-BF4B-00C04F79EFBC}") = "WiseQueue.Core.Common", "WiseQueue.Core\WiseQueue.Core.Common\WiseQueue.Core.Common.csproj", "{AC44C918-E44B-4942-AE25-D7290B89093E}"
EndProject
Project("{FAE04EC0-301F-11D3-BF4B-00C04F79EFBC}") = "WiseQueue.Core.Server", "WiseQueue.Core\WiseQueue.Core.Server\WiseQueue.Core.Server.csproj", "{A71F3FD7-8095-4A9C-98A7-D777E4CCF45E}"
EndProject
Project("{FAE04EC0-301F-11D3-BF4B-00C04F79EFBC}") = "WiseQueue.Domain.Client", "WiseQueue.Domain\WiseQueue.Domain.Client\WiseQueue.Domain.Client.csproj", "{AE232F81-5F80-4993-A166-B49380BA0C84}"
EndProject
Project("{FAE04EC0-301F-11D3-BF4B-00C04F79EFBC}") = "WiseQueue.Domain.Common", "WiseQueue.Domain\WiseQueue.Domain.Common\WiseQueue.Domain.Common.csproj", "{87F1056B-411A-4F53-8435-344103B74E43}"
EndProject
Project("{FAE04EC0-301F-11D3-BF4B-00C04F79EFBC}") = "WiseQueue.Domain.Server", "WiseQueue.Domain\WiseQueue.Domain.Server\WiseQueue.Domain.Server.csproj", "{A285C288-F7C0-40F2-BAE5-CB9F67BA19A8}"
EndProject
Project("{FAE04EC0-301F-11D3-BF4B-00C04F79EFBC}") = "WiseQueue.Domain.MicrosoftExpressionCache", "WiseQueue.Extentions\WiseQueue.Domain.MicrosoftExpressionCache\WiseQueue.Domain.MicrosoftExpressionCache.csproj", "{D98CCBE1-16A0-4CD5-BC3C-28374A56CB6F}"
EndProject
Project("{FAE04EC0-301F-11D3-BF4B-00C04F79EFBC}") = "WiseQueue.Domain.NLogger", "WiseQueue.Extentions\WiseQueue.Domain.NLogger\WiseQueue.Domain.NLogger.csproj", "{1B294978-0598-46FC-83F9-6F4FBF0EF73F}"
EndProject
Project("{2150E333-8FDC-42A3-9474-1A3956D46DE8}") = "Extensions", "Extensions", "{803EE8F9-41A0-4ED6-9B28-A79437B34B04}"
EndProject
Project("{2150E333-8FDC-42A3-9474-1A3956D46DE8}") = "Domain", "Domain", "{A6150D13-E2E1-4EDC-9E5A-3939CB4B47D9}"
EndProject
Project("{FAE04EC0-301F-11D3-BF4B-00C04F79EFBC}") = "WiseQueue.Domain.Common.Tests", "WiseQueue.Tests\WiseQueue.Domain.Common.Tests\WiseQueue.Domain.Common.Tests.csproj", "{D0BB6F52-4C31-49CF-A133-9ABC31D32282}"
EndProject
Project("{2150E333-8FDC-42A3-9474-1A3956D46DE8}") = "Core", "Core", "{6BF77CC4-F8D4-43A5-BCCE-DC0CE9803CE2}"
EndProject
Project("{FAE04EC0-301F-11D3-BF4B-00C04F79EFBC}") = "Common.Core", "Core\Common.Core\Common.Core.csproj", "{0166437D-9F9C-4101-9B50-84A01FBE346D}"
EndProject
Project("{FAE04EC0-301F-11D3-BF4B-00C04F79EFBC}") = "Common.NLogger", "Core\Common.NLogger\Common.NLogger.csproj", "{C27D2F4C-5606-44F6-A40D-4E80E664F3CA}"
EndProject
Project("{FAE04EC0-301F-11D3-BF4B-00C04F79EFBC}") = "Common.Domain", "Core\Common.Domain\Common.Domain.csproj", "{5CFD652A-8D19-4F71-B8AB-61E2EF2B4175}"
EndProject
Project("{2150E333-8FDC-42A3-9474-1A3956D46DE8}") = "PerformanceTests", "PerformanceTests", "{D6D03CAA-4CC1-4025-A901-7C7812ED4BAC}"
EndProject
Project("{FAE04EC0-301F-11D3-BF4B-00C04F79EFBC}") = "PerformanceTest.Common", "PerformanceTests\PerformanceTest.Common\PerformanceTest.Common.csproj", "{F78EF8FA-6027-4C66-90F6-E8E86455F9FF}"
EndProject
Project("{FAE04EC0-301F-11D3-BF4B-00C04F79EFBC}") = "PerformanceTests.Client", "PerformanceTests\PerformanceTests.Client\PerformanceTests.Client.csproj", "{3BCC0D7A-A271-4E9B-9D4A-A4E20E92A805}"
EndProject
Project("{FAE04EC0-301F-11D3-BF4B-00C04F79EFBC}") = "PerformanceTests.Server", "PerformanceTests\PerformanceTests.Server\PerformanceTests.Server.csproj", "{A830794D-C308-4493-B22F-CA5D823F5156}"
EndProject
Project("{2150E333-8FDC-42A3-9474-1A3956D46DE8}") = "Adapters", "Adapters", "{8CCB629D-375D-4670-9B97-48EA133756CE}"
EndProject
Project("{FAE04EC0-301F-11D3-BF4B-00C04F79EFBC}") = "WiseQueue.Domain.MsSql", "WiseQueue.Extentions\Adapters\WiseQueue.Domain.MsSql\WiseQueue.Domain.MsSql.csproj", "{1475F837-95C8-46A8-89D2-CEFE6B45C28C}"
EndProject
Project("{FAE04EC0-301F-11D3-BF4B-00C04F79EFBC}") = "WiseQueue.Domain.MsSqlEntityFramework", "WiseQueue.Extentions\Adapters\WiseQueue.Domain.MsSqlEntityFramework\WiseQueue.Domain.MsSqlEntityFramework.csproj", "{6897BAA3-E817-4A58-A87D-0403E6F2BBC5}"
EndProject
Project("{FAE04EC0-301F-11D3-BF4B-00C04F79EFBC}") = "WiseQueue.Domain.MongoDb", "WiseQueue.Extentions\Adapters\WiseQueue.Domain.MongoDb\WiseQueue.Domain.MongoDb.csproj", "{38F8ACF2-140E-4500-B7CC-D5B2DC420A0A}"
EndProject
Global
	GlobalSection(SolutionConfigurationPlatforms) = preSolution
		Debug|Any CPU = Debug|Any CPU
		Release|Any CPU = Release|Any CPU
	EndGlobalSection
	GlobalSection(ProjectConfigurationPlatforms) = postSolution
		{85B7D30F-0285-4B79-AC94-330ED0B15DEA}.Debug|Any CPU.ActiveCfg = Debug|Any CPU
		{85B7D30F-0285-4B79-AC94-330ED0B15DEA}.Debug|Any CPU.Build.0 = Debug|Any CPU
		{85B7D30F-0285-4B79-AC94-330ED0B15DEA}.Release|Any CPU.ActiveCfg = Release|Any CPU
		{85B7D30F-0285-4B79-AC94-330ED0B15DEA}.Release|Any CPU.Build.0 = Release|Any CPU
		{0C1B054A-84B8-4FC9-936B-B3BA6D9231A2}.Debug|Any CPU.ActiveCfg = Debug|Any CPU
		{0C1B054A-84B8-4FC9-936B-B3BA6D9231A2}.Debug|Any CPU.Build.0 = Debug|Any CPU
		{0C1B054A-84B8-4FC9-936B-B3BA6D9231A2}.Release|Any CPU.ActiveCfg = Release|Any CPU
		{0C1B054A-84B8-4FC9-936B-B3BA6D9231A2}.Release|Any CPU.Build.0 = Release|Any CPU
		{34E81231-58F9-4270-A82F-FEA1DCB9DC01}.Debug|Any CPU.ActiveCfg = Debug|Any CPU
		{34E81231-58F9-4270-A82F-FEA1DCB9DC01}.Debug|Any CPU.Build.0 = Debug|Any CPU
		{34E81231-58F9-4270-A82F-FEA1DCB9DC01}.Release|Any CPU.ActiveCfg = Release|Any CPU
		{34E81231-58F9-4270-A82F-FEA1DCB9DC01}.Release|Any CPU.Build.0 = Release|Any CPU
		{3196E7BB-FA7D-4F98-BC66-269E3E923D97}.Debug|Any CPU.ActiveCfg = Debug|Any CPU
		{3196E7BB-FA7D-4F98-BC66-269E3E923D97}.Debug|Any CPU.Build.0 = Debug|Any CPU
		{3196E7BB-FA7D-4F98-BC66-269E3E923D97}.Release|Any CPU.ActiveCfg = Release|Any CPU
		{3196E7BB-FA7D-4F98-BC66-269E3E923D97}.Release|Any CPU.Build.0 = Release|Any CPU
		{F17B2910-0E65-4011-836C-F86E7EAC48F3}.Debug|Any CPU.ActiveCfg = Debug|Any CPU
		{F17B2910-0E65-4011-836C-F86E7EAC48F3}.Debug|Any CPU.Build.0 = Debug|Any CPU
		{F17B2910-0E65-4011-836C-F86E7EAC48F3}.Release|Any CPU.ActiveCfg = Release|Any CPU
		{F17B2910-0E65-4011-836C-F86E7EAC48F3}.Release|Any CPU.Build.0 = Release|Any CPU
		{AC44C918-E44B-4942-AE25-D7290B89093E}.Debug|Any CPU.ActiveCfg = Debug|Any CPU
		{AC44C918-E44B-4942-AE25-D7290B89093E}.Debug|Any CPU.Build.0 = Debug|Any CPU
		{AC44C918-E44B-4942-AE25-D7290B89093E}.Release|Any CPU.ActiveCfg = Release|Any CPU
		{AC44C918-E44B-4942-AE25-D7290B89093E}.Release|Any CPU.Build.0 = Release|Any CPU
		{A71F3FD7-8095-4A9C-98A7-D777E4CCF45E}.Debug|Any CPU.ActiveCfg = Debug|Any CPU
		{A71F3FD7-8095-4A9C-98A7-D777E4CCF45E}.Debug|Any CPU.Build.0 = Debug|Any CPU
		{A71F3FD7-8095-4A9C-98A7-D777E4CCF45E}.Release|Any CPU.ActiveCfg = Release|Any CPU
		{A71F3FD7-8095-4A9C-98A7-D777E4CCF45E}.Release|Any CPU.Build.0 = Release|Any CPU
		{AE232F81-5F80-4993-A166-B49380BA0C84}.Debug|Any CPU.ActiveCfg = Debug|Any CPU
		{AE232F81-5F80-4993-A166-B49380BA0C84}.Debug|Any CPU.Build.0 = Debug|Any CPU
		{AE232F81-5F80-4993-A166-B49380BA0C84}.Release|Any CPU.ActiveCfg = Release|Any CPU
		{AE232F81-5F80-4993-A166-B49380BA0C84}.Release|Any CPU.Build.0 = Release|Any CPU
		{87F1056B-411A-4F53-8435-344103B74E43}.Debug|Any CPU.ActiveCfg = Debug|Any CPU
		{87F1056B-411A-4F53-8435-344103B74E43}.Debug|Any CPU.Build.0 = Debug|Any CPU
		{87F1056B-411A-4F53-8435-344103B74E43}.Release|Any CPU.ActiveCfg = Release|Any CPU
		{87F1056B-411A-4F53-8435-344103B74E43}.Release|Any CPU.Build.0 = Release|Any CPU
		{A285C288-F7C0-40F2-BAE5-CB9F67BA19A8}.Debug|Any CPU.ActiveCfg = Debug|Any CPU
		{A285C288-F7C0-40F2-BAE5-CB9F67BA19A8}.Debug|Any CPU.Build.0 = Debug|Any CPU
		{A285C288-F7C0-40F2-BAE5-CB9F67BA19A8}.Release|Any CPU.ActiveCfg = Release|Any CPU
		{A285C288-F7C0-40F2-BAE5-CB9F67BA19A8}.Release|Any CPU.Build.0 = Release|Any CPU
		{D98CCBE1-16A0-4CD5-BC3C-28374A56CB6F}.Debug|Any CPU.ActiveCfg = Debug|Any CPU
		{D98CCBE1-16A0-4CD5-BC3C-28374A56CB6F}.Debug|Any CPU.Build.0 = Debug|Any CPU
		{D98CCBE1-16A0-4CD5-BC3C-28374A56CB6F}.Release|Any CPU.ActiveCfg = Release|Any CPU
		{D98CCBE1-16A0-4CD5-BC3C-28374A56CB6F}.Release|Any CPU.Build.0 = Release|Any CPU
		{1B294978-0598-46FC-83F9-6F4FBF0EF73F}.Debug|Any CPU.ActiveCfg = Debug|Any CPU
		{1B294978-0598-46FC-83F9-6F4FBF0EF73F}.Debug|Any CPU.Build.0 = Debug|Any CPU
		{1B294978-0598-46FC-83F9-6F4FBF0EF73F}.Release|Any CPU.ActiveCfg = Release|Any CPU
		{1B294978-0598-46FC-83F9-6F4FBF0EF73F}.Release|Any CPU.Build.0 = Release|Any CPU
		{D0BB6F52-4C31-49CF-A133-9ABC31D32282}.Debug|Any CPU.ActiveCfg = Debug|Any CPU
		{D0BB6F52-4C31-49CF-A133-9ABC31D32282}.Debug|Any CPU.Build.0 = Debug|Any CPU
		{D0BB6F52-4C31-49CF-A133-9ABC31D32282}.Release|Any CPU.ActiveCfg = Release|Any CPU
		{D0BB6F52-4C31-49CF-A133-9ABC31D32282}.Release|Any CPU.Build.0 = Release|Any CPU
		{0166437D-9F9C-4101-9B50-84A01FBE346D}.Debug|Any CPU.ActiveCfg = Debug|Any CPU
		{0166437D-9F9C-4101-9B50-84A01FBE346D}.Debug|Any CPU.Build.0 = Debug|Any CPU
		{0166437D-9F9C-4101-9B50-84A01FBE346D}.Release|Any CPU.ActiveCfg = Release|Any CPU
		{0166437D-9F9C-4101-9B50-84A01FBE346D}.Release|Any CPU.Build.0 = Release|Any CPU
		{C27D2F4C-5606-44F6-A40D-4E80E664F3CA}.Debug|Any CPU.ActiveCfg = Debug|Any CPU
		{C27D2F4C-5606-44F6-A40D-4E80E664F3CA}.Debug|Any CPU.Build.0 = Debug|Any CPU
		{C27D2F4C-5606-44F6-A40D-4E80E664F3CA}.Release|Any CPU.ActiveCfg = Release|Any CPU
		{C27D2F4C-5606-44F6-A40D-4E80E664F3CA}.Release|Any CPU.Build.0 = Release|Any CPU
		{5CFD652A-8D19-4F71-B8AB-61E2EF2B4175}.Debug|Any CPU.ActiveCfg = Debug|Any CPU
		{5CFD652A-8D19-4F71-B8AB-61E2EF2B4175}.Debug|Any CPU.Build.0 = Debug|Any CPU
		{5CFD652A-8D19-4F71-B8AB-61E2EF2B4175}.Release|Any CPU.ActiveCfg = Release|Any CPU
		{5CFD652A-8D19-4F71-B8AB-61E2EF2B4175}.Release|Any CPU.Build.0 = Release|Any CPU
		{F78EF8FA-6027-4C66-90F6-E8E86455F9FF}.Debug|Any CPU.ActiveCfg = Debug|Any CPU
		{F78EF8FA-6027-4C66-90F6-E8E86455F9FF}.Debug|Any CPU.Build.0 = Debug|Any CPU
		{F78EF8FA-6027-4C66-90F6-E8E86455F9FF}.Release|Any CPU.ActiveCfg = Release|Any CPU
		{F78EF8FA-6027-4C66-90F6-E8E86455F9FF}.Release|Any CPU.Build.0 = Release|Any CPU
		{3BCC0D7A-A271-4E9B-9D4A-A4E20E92A805}.Debug|Any CPU.ActiveCfg = Debug|Any CPU
		{3BCC0D7A-A271-4E9B-9D4A-A4E20E92A805}.Debug|Any CPU.Build.0 = Debug|Any CPU
		{3BCC0D7A-A271-4E9B-9D4A-A4E20E92A805}.Release|Any CPU.ActiveCfg = Release|Any CPU
		{3BCC0D7A-A271-4E9B-9D4A-A4E20E92A805}.Release|Any CPU.Build.0 = Release|Any CPU
		{A830794D-C308-4493-B22F-CA5D823F5156}.Debug|Any CPU.ActiveCfg = Debug|Any CPU
		{A830794D-C308-4493-B22F-CA5D823F5156}.Debug|Any CPU.Build.0 = Debug|Any CPU
		{A830794D-C308-4493-B22F-CA5D823F5156}.Release|Any CPU.ActiveCfg = Release|Any CPU
		{A830794D-C308-4493-B22F-CA5D823F5156}.Release|Any CPU.Build.0 = Release|Any CPU
		{1475F837-95C8-46A8-89D2-CEFE6B45C28C}.Debug|Any CPU.ActiveCfg = Debug|Any CPU
		{1475F837-95C8-46A8-89D2-CEFE6B45C28C}.Debug|Any CPU.Build.0 = Debug|Any CPU
		{1475F837-95C8-46A8-89D2-CEFE6B45C28C}.Release|Any CPU.ActiveCfg = Release|Any CPU
		{1475F837-95C8-46A8-89D2-CEFE6B45C28C}.Release|Any CPU.Build.0 = Release|Any CPU
		{6897BAA3-E817-4A58-A87D-0403E6F2BBC5}.Debug|Any CPU.ActiveCfg = Debug|Any CPU
		{6897BAA3-E817-4A58-A87D-0403E6F2BBC5}.Debug|Any CPU.Build.0 = Debug|Any CPU
		{6897BAA3-E817-4A58-A87D-0403E6F2BBC5}.Release|Any CPU.ActiveCfg = Release|Any CPU
		{6897BAA3-E817-4A58-A87D-0403E6F2BBC5}.Release|Any CPU.Build.0 = Release|Any CPU
		{38F8ACF2-140E-4500-B7CC-D5B2DC420A0A}.Debug|Any CPU.ActiveCfg = Debug|Any CPU
		{38F8ACF2-140E-4500-B7CC-D5B2DC420A0A}.Debug|Any CPU.Build.0 = Debug|Any CPU
		{38F8ACF2-140E-4500-B7CC-D5B2DC420A0A}.Release|Any CPU.ActiveCfg = Release|Any CPU
		{38F8ACF2-140E-4500-B7CC-D5B2DC420A0A}.Release|Any CPU.Build.0 = Release|Any CPU
	EndGlobalSection
	GlobalSection(SolutionProperties) = preSolution
		HideSolutionNode = FALSE
	EndGlobalSection
	GlobalSection(NestedProjects) = preSolution
		{7EC417DD-86DA-4F78-99F4-CA23BBCDC3C0} = {D2B3DDEA-5D60-4805-9193-39D048645CD7}
		{0C1B054A-84B8-4FC9-936B-B3BA6D9231A2} = {7EC417DD-86DA-4F78-99F4-CA23BBCDC3C0}
		{34E81231-58F9-4270-A82F-FEA1DCB9DC01} = {7EC417DD-86DA-4F78-99F4-CA23BBCDC3C0}
		{3196E7BB-FA7D-4F98-BC66-269E3E923D97} = {803EE8F9-41A0-4ED6-9B28-A79437B34B04}
		{F17B2910-0E65-4011-836C-F86E7EAC48F3} = {83DBE939-AFA0-4030-A6AB-99A50A22C75C}
		{AC44C918-E44B-4942-AE25-D7290B89093E} = {83DBE939-AFA0-4030-A6AB-99A50A22C75C}
		{A71F3FD7-8095-4A9C-98A7-D777E4CCF45E} = {83DBE939-AFA0-4030-A6AB-99A50A22C75C}
		{AE232F81-5F80-4993-A166-B49380BA0C84} = {108CCF45-052C-4B0C-A1B9-13F96E9E8F69}
		{87F1056B-411A-4F53-8435-344103B74E43} = {108CCF45-052C-4B0C-A1B9-13F96E9E8F69}
		{A285C288-F7C0-40F2-BAE5-CB9F67BA19A8} = {108CCF45-052C-4B0C-A1B9-13F96E9E8F69}
		{D98CCBE1-16A0-4CD5-BC3C-28374A56CB6F} = {0DA0E49B-7931-4630-8AA6-D5ABDB8FB762}
		{1B294978-0598-46FC-83F9-6F4FBF0EF73F} = {0DA0E49B-7931-4630-8AA6-D5ABDB8FB762}
		{803EE8F9-41A0-4ED6-9B28-A79437B34B04} = {D2B3DDEA-5D60-4805-9193-39D048645CD7}
		{A6150D13-E2E1-4EDC-9E5A-3939CB4B47D9} = {D2B3DDEA-5D60-4805-9193-39D048645CD7}
		{D0BB6F52-4C31-49CF-A133-9ABC31D32282} = {A6150D13-E2E1-4EDC-9E5A-3939CB4B47D9}
		{0166437D-9F9C-4101-9B50-84A01FBE346D} = {6BF77CC4-F8D4-43A5-BCCE-DC0CE9803CE2}
		{C27D2F4C-5606-44F6-A40D-4E80E664F3CA} = {6BF77CC4-F8D4-43A5-BCCE-DC0CE9803CE2}
		{5CFD652A-8D19-4F71-B8AB-61E2EF2B4175} = {6BF77CC4-F8D4-43A5-BCCE-DC0CE9803CE2}
		{F78EF8FA-6027-4C66-90F6-E8E86455F9FF} = {D6D03CAA-4CC1-4025-A901-7C7812ED4BAC}
		{3BCC0D7A-A271-4E9B-9D4A-A4E20E92A805} = {D6D03CAA-4CC1-4025-A901-7C7812ED4BAC}
		{A830794D-C308-4493-B22F-CA5D823F5156} = {D6D03CAA-4CC1-4025-A901-7C7812ED4BAC}
		{8CCB629D-375D-4670-9B97-48EA133756CE} = {0DA0E49B-7931-4630-8AA6-D5ABDB8FB762}
		{1475F837-95C8-46A8-89D2-CEFE6B45C28C} = {8CCB629D-375D-4670-9B97-48EA133756CE}
		{6897BAA3-E817-4A58-A87D-0403E6F2BBC5} = {8CCB629D-375D-4670-9B97-48EA133756CE}
		{38F8ACF2-140E-4500-B7CC-D5B2DC420A0A} = {8CCB629D-375D-4670-9B97-48EA133756CE}
	EndGlobalSection
EndGlobal
