
Microsoft Visual Studio Solution File, Format Version 12.00
# Visual Studio 2013
VisualStudioVersion = 12.0.40629.0
MinimumVisualStudioVersion = 10.0.40219.1
Project("{FAE04EC0-301F-11D3-BF4B-00C04F79EFBC}") = "WiseQueue", "WiseQueue\WiseQueue.csproj", "{85B7D30F-0285-4B79-AC94-330ED0B15DEA}"
EndProject
Project("{2150E333-8FDC-42A3-9474-1A3956D46DE8}") = "Core", "Core", "{83DBE939-AFA0-4030-A6AB-99A50A22C75C}"
EndProject
Project("{FAE04EC0-301F-11D3-BF4B-00C04F79EFBC}") = "WiseQueue.Core.Common", "WiseQueue.Core.Common\WiseQueue.Core.Common.csproj", "{AC44C918-E44B-4942-AE25-D7290B89093E}"
EndProject
Project("{FAE04EC0-301F-11D3-BF4B-00C04F79EFBC}") = "WiseQueue.Core.Client", "WiseQueue.Core.Client\WiseQueue.Core.Client.csproj", "{F17B2910-0E65-4011-836C-F86E7EAC48F3}"
EndProject
Project("{FAE04EC0-301F-11D3-BF4B-00C04F79EFBC}") = "WiseQueue.Core.Server", "WiseQueue.Core.Server\WiseQueue.Core.Server.csproj", "{A71F3FD7-8095-4A9C-98A7-D777E4CCF45E}"
EndProject
Project("{2150E333-8FDC-42A3-9474-1A3956D46DE8}") = "Domain", "Domain", "{108CCF45-052C-4B0C-A1B9-13F96E9E8F69}"
EndProject
Project("{FAE04EC0-301F-11D3-BF4B-00C04F79EFBC}") = "WiseQueue.Domain.Common", "WiseQueue.Domain.Common\WiseQueue.Domain.Common.csproj", "{87F1056B-411A-4F53-8435-344103B74E43}"
EndProject
Project("{FAE04EC0-301F-11D3-BF4B-00C04F79EFBC}") = "WiseQueue.Domain.Client", "WiseQueue.Domain.Client\WiseQueue.Domain.Client.csproj", "{AE232F81-5F80-4993-A166-B49380BA0C84}"
EndProject
Project("{FAE04EC0-301F-11D3-BF4B-00C04F79EFBC}") = "WiseQueue.Domain.Server", "WiseQueue.Domain.Server\WiseQueue.Domain.Server.csproj", "{A285C288-F7C0-40F2-BAE5-CB9F67BA19A8}"
EndProject
Project("{2150E333-8FDC-42A3-9474-1A3956D46DE8}") = "Extentions", "Extentions", "{0DA0E49B-7931-4630-8AA6-D5ABDB8FB762}"
EndProject
Project("{FAE04EC0-301F-11D3-BF4B-00C04F79EFBC}") = "WiseQueue.Domain.NLogger", "WiseQueue.Domain.NLogger\WiseQueue.Domain.NLogger.csproj", "{1B294978-0598-46FC-83F9-6F4FBF0EF73F}"
EndProject
Project("{2150E333-8FDC-42A3-9474-1A3956D46DE8}") = "Tests", "Tests", "{D2B3DDEA-5D60-4805-9193-39D048645CD7}"
EndProject
Project("{2150E333-8FDC-42A3-9474-1A3956D46DE8}") = "Core", "Core", "{7EC417DD-86DA-4F78-99F4-CA23BBCDC3C0}"
EndProject
Project("{FAE04EC0-301F-11D3-BF4B-00C04F79EFBC}") = "WiseQueue.Domain.MicrosoftExpressionCache", "WiseQueue.Domain.MicrosoftExpressionCache\WiseQueue.Domain.MicrosoftExpressionCache.csproj", "{D98CCBE1-16A0-4CD5-BC3C-28374A56CB6F}"
EndProject
Project("{FAE04EC0-301F-11D3-BF4B-00C04F79EFBC}") = "WiseQueue.Core.Common.Tests", "Tests\WiseQueue.Core.Common.Tests\WiseQueue.Core.Common.Tests.csproj", "{0C1B054A-84B8-4FC9-936B-B3BA6D9231A2}"
EndProject
Project("{FAE04EC0-301F-11D3-BF4B-00C04F79EFBC}") = "WiseQueue.Core.Tests", "Tests\WiseQueue.Core.Tests\WiseQueue.Core.Tests.csproj", "{34E81231-58F9-4270-A82F-FEA1DCB9DC01}"
EndProject
Project("{FAE04EC0-301F-11D3-BF4B-00C04F79EFBC}") = "WiseQueue.Domain.Extensions.Tests", "Tests\WiseQueue.Domain.Extensions.Tests\WiseQueue.Domain.Extensions.Tests.csproj", "{3196E7BB-FA7D-4F98-BC66-269E3E923D97}"
EndProject
Project("{2150E333-8FDC-42A3-9474-1A3956D46DE8}") = ".nuget", ".nuget", "{C0A94409-0190-448F-82C5-2CAE2E00B45F}"
	ProjectSection(SolutionItems) = preProject
		.nuget\packages.config = .nuget\packages.config
	EndProjectSection
EndProject
Global
	GlobalSection(SolutionConfigurationPlatforms) = preSolution
		Debug|Any CPU = Debug|Any CPU
		Release|Any CPU = Release|Any CPU
	EndGlobalSection
	GlobalSection(ProjectConfigurationPlatforms) = postSolution
		{85B7D30F-0285-4B79-AC94-330ED0B15DEA}.Debug|Any CPU.ActiveCfg = Debug|Any CPU
		{85B7D30F-0285-4B79-AC94-330ED0B15DEA}.Debug|Any CPU.Build.0 = Debug|Any CPU
		{85B7D30F-0285-4B79-AC94-330ED0B15DEA}.Release|Any CPU.ActiveCfg = Release|Any CPU
		{85B7D30F-0285-4B79-AC94-330ED0B15DEA}.Release|Any CPU.Build.0 = Release|Any CPU
		{AC44C918-E44B-4942-AE25-D7290B89093E}.Debug|Any CPU.ActiveCfg = Debug|Any CPU
		{AC44C918-E44B-4942-AE25-D7290B89093E}.Debug|Any CPU.Build.0 = Debug|Any CPU
		{AC44C918-E44B-4942-AE25-D7290B89093E}.Release|Any CPU.ActiveCfg = Release|Any CPU
		{AC44C918-E44B-4942-AE25-D7290B89093E}.Release|Any CPU.Build.0 = Release|Any CPU
		{F17B2910-0E65-4011-836C-F86E7EAC48F3}.Debug|Any CPU.ActiveCfg = Debug|Any CPU
		{F17B2910-0E65-4011-836C-F86E7EAC48F3}.Debug|Any CPU.Build.0 = Debug|Any CPU
		{F17B2910-0E65-4011-836C-F86E7EAC48F3}.Release|Any CPU.ActiveCfg = Release|Any CPU
		{F17B2910-0E65-4011-836C-F86E7EAC48F3}.Release|Any CPU.Build.0 = Release|Any CPU
		{A71F3FD7-8095-4A9C-98A7-D777E4CCF45E}.Debug|Any CPU.ActiveCfg = Debug|Any CPU
		{A71F3FD7-8095-4A9C-98A7-D777E4CCF45E}.Debug|Any CPU.Build.0 = Debug|Any CPU
		{A71F3FD7-8095-4A9C-98A7-D777E4CCF45E}.Release|Any CPU.ActiveCfg = Release|Any CPU
		{A71F3FD7-8095-4A9C-98A7-D777E4CCF45E}.Release|Any CPU.Build.0 = Release|Any CPU
		{87F1056B-411A-4F53-8435-344103B74E43}.Debug|Any CPU.ActiveCfg = Debug|Any CPU
		{87F1056B-411A-4F53-8435-344103B74E43}.Debug|Any CPU.Build.0 = Debug|Any CPU
		{87F1056B-411A-4F53-8435-344103B74E43}.Release|Any CPU.ActiveCfg = Release|Any CPU
		{87F1056B-411A-4F53-8435-344103B74E43}.Release|Any CPU.Build.0 = Release|Any CPU
		{AE232F81-5F80-4993-A166-B49380BA0C84}.Debug|Any CPU.ActiveCfg = Debug|Any CPU
		{AE232F81-5F80-4993-A166-B49380BA0C84}.Debug|Any CPU.Build.0 = Debug|Any CPU
		{AE232F81-5F80-4993-A166-B49380BA0C84}.Release|Any CPU.ActiveCfg = Release|Any CPU
		{AE232F81-5F80-4993-A166-B49380BA0C84}.Release|Any CPU.Build.0 = Release|Any CPU
		{A285C288-F7C0-40F2-BAE5-CB9F67BA19A8}.Debug|Any CPU.ActiveCfg = Debug|Any CPU
		{A285C288-F7C0-40F2-BAE5-CB9F67BA19A8}.Debug|Any CPU.Build.0 = Debug|Any CPU
		{A285C288-F7C0-40F2-BAE5-CB9F67BA19A8}.Release|Any CPU.ActiveCfg = Release|Any CPU
		{A285C288-F7C0-40F2-BAE5-CB9F67BA19A8}.Release|Any CPU.Build.0 = Release|Any CPU
		{1B294978-0598-46FC-83F9-6F4FBF0EF73F}.Debug|Any CPU.ActiveCfg = Debug|Any CPU
		{1B294978-0598-46FC-83F9-6F4FBF0EF73F}.Debug|Any CPU.Build.0 = Debug|Any CPU
		{1B294978-0598-46FC-83F9-6F4FBF0EF73F}.Release|Any CPU.ActiveCfg = Release|Any CPU
		{1B294978-0598-46FC-83F9-6F4FBF0EF73F}.Release|Any CPU.Build.0 = Release|Any CPU
		{D98CCBE1-16A0-4CD5-BC3C-28374A56CB6F}.Debug|Any CPU.ActiveCfg = Debug|Any CPU
		{D98CCBE1-16A0-4CD5-BC3C-28374A56CB6F}.Debug|Any CPU.Build.0 = Debug|Any CPU
		{D98CCBE1-16A0-4CD5-BC3C-28374A56CB6F}.Release|Any CPU.ActiveCfg = Release|Any CPU
		{D98CCBE1-16A0-4CD5-BC3C-28374A56CB6F}.Release|Any CPU.Build.0 = Release|Any CPU
		{0C1B054A-84B8-4FC9-936B-B3BA6D9231A2}.Debug|Any CPU.ActiveCfg = Debug|Any CPU
		{0C1B054A-84B8-4FC9-936B-B3BA6D9231A2}.Debug|Any CPU.Build.0 = Debug|Any CPU
		{0C1B054A-84B8-4FC9-936B-B3BA6D9231A2}.Release|Any CPU.ActiveCfg = Release|Any CPU
		{0C1B054A-84B8-4FC9-936B-B3BA6D9231A2}.Release|Any CPU.Build.0 = Release|Any CPU
		{34E81231-58F9-4270-A82F-FEA1DCB9DC01}.Debug|Any CPU.ActiveCfg = Debug|Any CPU
		{34E81231-58F9-4270-A82F-FEA1DCB9DC01}.Debug|Any CPU.Build.0 = Debug|Any CPU
		{34E81231-58F9-4270-A82F-FEA1DCB9DC01}.Release|Any CPU.ActiveCfg = Release|Any CPU
		{34E81231-58F9-4270-A82F-FEA1DCB9DC01}.Release|Any CPU.Build.0 = Release|Any CPU
		{3196E7BB-FA7D-4F98-BC66-269E3E923D97}.Debug|Any CPU.ActiveCfg = Debug|Any CPU
		{3196E7BB-FA7D-4F98-BC66-269E3E923D97}.Debug|Any CPU.Build.0 = Debug|Any CPU
		{3196E7BB-FA7D-4F98-BC66-269E3E923D97}.Release|Any CPU.ActiveCfg = Release|Any CPU
		{3196E7BB-FA7D-4F98-BC66-269E3E923D97}.Release|Any CPU.Build.0 = Release|Any CPU
	EndGlobalSection
	GlobalSection(SolutionProperties) = preSolution
		HideSolutionNode = FALSE
	EndGlobalSection
	GlobalSection(NestedProjects) = preSolution
		{AC44C918-E44B-4942-AE25-D7290B89093E} = {83DBE939-AFA0-4030-A6AB-99A50A22C75C}
		{F17B2910-0E65-4011-836C-F86E7EAC48F3} = {83DBE939-AFA0-4030-A6AB-99A50A22C75C}
		{A71F3FD7-8095-4A9C-98A7-D777E4CCF45E} = {83DBE939-AFA0-4030-A6AB-99A50A22C75C}
		{87F1056B-411A-4F53-8435-344103B74E43} = {108CCF45-052C-4B0C-A1B9-13F96E9E8F69}
		{AE232F81-5F80-4993-A166-B49380BA0C84} = {108CCF45-052C-4B0C-A1B9-13F96E9E8F69}
		{A285C288-F7C0-40F2-BAE5-CB9F67BA19A8} = {108CCF45-052C-4B0C-A1B9-13F96E9E8F69}
		{1B294978-0598-46FC-83F9-6F4FBF0EF73F} = {0DA0E49B-7931-4630-8AA6-D5ABDB8FB762}
		{7EC417DD-86DA-4F78-99F4-CA23BBCDC3C0} = {D2B3DDEA-5D60-4805-9193-39D048645CD7}
		{D98CCBE1-16A0-4CD5-BC3C-28374A56CB6F} = {0DA0E49B-7931-4630-8AA6-D5ABDB8FB762}
		{0C1B054A-84B8-4FC9-936B-B3BA6D9231A2} = {7EC417DD-86DA-4F78-99F4-CA23BBCDC3C0}
		{34E81231-58F9-4270-A82F-FEA1DCB9DC01} = {7EC417DD-86DA-4F78-99F4-CA23BBCDC3C0}
		{3196E7BB-FA7D-4F98-BC66-269E3E923D97} = {7EC417DD-86DA-4F78-99F4-CA23BBCDC3C0}
	EndGlobalSection
EndGlobal
